// !$*UTF8*$!
{
	archiveVersion = 1;
	classes = {
	};
	objectVersion = 50;
	objects = {

/* Begin PBXBuildFile section */
		77CFF04022B8F37500080135 /* AppDelegate.swift in Sources */ = {isa = PBXBuildFile; fileRef = 77CFF03F22B8F37500080135 /* AppDelegate.swift */; };
		77CFF04522B8F37500080135 /* Main.storyboard in Resources */ = {isa = PBXBuildFile; fileRef = 77CFF04322B8F37500080135 /* Main.storyboard */; };
		77CFF04722B8F37700080135 /* Assets.xcassets in Resources */ = {isa = PBXBuildFile; fileRef = 77CFF04622B8F37700080135 /* Assets.xcassets */; };
		77CFF04A22B8F37700080135 /* LaunchScreen.storyboard in Resources */ = {isa = PBXBuildFile; fileRef = 77CFF04822B8F37700080135 /* LaunchScreen.storyboard */; };
		77CFF05322B8F3AF00080135 /* AddingArenasViewController.swift in Sources */ = {isa = PBXBuildFile; fileRef = 77CFF05122B8F3AF00080135 /* AddingArenasViewController.swift */; };
		77CFF05422B8F3AF00080135 /* AddingArenasViewController.xib in Resources */ = {isa = PBXBuildFile; fileRef = 77CFF05222B8F3AF00080135 /* AddingArenasViewController.xib */; };
/* End PBXBuildFile section */

/* Begin PBXFileReference section */
		77CFF03C22B8F37500080135 /* AfterNextAdmin.app */ = {isa = PBXFileReference; explicitFileType = wrapper.application; includeInIndex = 0; path = AfterNextAdmin.app; sourceTree = BUILT_PRODUCTS_DIR; };
		77CFF03F22B8F37500080135 /* AppDelegate.swift */ = {isa = PBXFileReference; lastKnownFileType = sourcecode.swift; path = AppDelegate.swift; sourceTree = "<group>"; };
		77CFF04422B8F37500080135 /* Base */ = {isa = PBXFileReference; lastKnownFileType = file.storyboard; name = Base; path = Base.lproj/Main.storyboard; sourceTree = "<group>"; };
		77CFF04622B8F37700080135 /* Assets.xcassets */ = {isa = PBXFileReference; lastKnownFileType = folder.assetcatalog; path = Assets.xcassets; sourceTree = "<group>"; };
		77CFF04922B8F37700080135 /* Base */ = {isa = PBXFileReference; lastKnownFileType = file.storyboard; name = Base; path = Base.lproj/LaunchScreen.storyboard; sourceTree = "<group>"; };
		77CFF04B22B8F37700080135 /* Info.plist */ = {isa = PBXFileReference; lastKnownFileType = text.plist.xml; path = Info.plist; sourceTree = "<group>"; };
		77CFF05122B8F3AF00080135 /* AddingArenasViewController.swift */ = {isa = PBXFileReference; fileEncoding = 4; lastKnownFileType = sourcecode.swift; name = AddingArenasViewController.swift; path = ../../../../Desktop/AddingArenasViewController.swift; sourceTree = "<group>"; };
		77CFF05222B8F3AF00080135 /* AddingArenasViewController.xib */ = {isa = PBXFileReference; fileEncoding = 4; lastKnownFileType = file.xib; name = AddingArenasViewController.xib; path = ../../../../Desktop/AddingArenasViewController.xib; sourceTree = "<group>"; };
/* End PBXFileReference section */

/* Begin PBXFrameworksBuildPhase section */
		77CFF03922B8F37500080135 /* Frameworks */ = {
			isa = PBXFrameworksBuildPhase;
			buildActionMask = 2147483647;
			files = (
			);
			runOnlyForDeploymentPostprocessing = 0;
		};
/* End PBXFrameworksBuildPhase section */

/* Begin PBXGroup section */
		77CFF03322B8F37500080135 = {
			isa = PBXGroup;
			children = (
				77CFF03E22B8F37500080135 /* AfterNextAdmin */,
				77CFF03D22B8F37500080135 /* Products */,
			);
			sourceTree = "<group>";
		};
		77CFF03D22B8F37500080135 /* Products */ = {
			isa = PBXGroup;
			children = (
				77CFF03C22B8F37500080135 /* AfterNextAdmin.app */,
			);
			name = Products;
			sourceTree = "<group>";
		};
		77CFF03E22B8F37500080135 /* AfterNextAdmin */ = {
			isa = PBXGroup;
			children = (
				77CFF03F22B8F37500080135 /* AppDelegate.swift */,
				77CFF04322B8F37500080135 /* Main.storyboard */,
				77CFF04622B8F37700080135 /* Assets.xcassets */,
				77CFF04822B8F37700080135 /* LaunchScreen.storyboard */,
				77CFF05122B8F3AF00080135 /* AddingArenasViewController.swift */,
				77CFF05222B8F3AF00080135 /* AddingArenasViewController.xib */,
				77CFF04B22B8F37700080135 /* Info.plist */,
			);
			path = AfterNextAdmin;
			sourceTree = "<group>";
		};
/* End PBXGroup section */

/* Begin PBXNativeTarget section */
		77CFF03B22B8F37500080135 /* AfterNextAdmin */ = {
			isa = PBXNativeTarget;
			buildConfigurationList = 77CFF04E22B8F37700080135 /* Build configuration list for PBXNativeTarget "AfterNextAdmin" */;
			buildPhases = (
				77CFF03822B8F37500080135 /* Sources */,
				77CFF03922B8F37500080135 /* Frameworks */,
				77CFF03A22B8F37500080135 /* Resources */,
			);
			buildRules = (
			);
			dependencies = (
			);
			name = AfterNextAdmin;
			productName = AfterNextAdmin;
			productReference = 77CFF03C22B8F37500080135 /* AfterNextAdmin.app */;
			productType = "com.apple.product-type.application";
		};
/* End PBXNativeTarget section */

/* Begin PBXProject section */
		77CFF03422B8F37500080135 /* Project object */ = {
			isa = PBXProject;
			attributes = {
				LastSwiftUpdateCheck = 1020;
				LastUpgradeCheck = 1020;
				ORGANIZATIONNAME = hisham;
				TargetAttributes = {
					77CFF03B22B8F37500080135 = {
						CreatedOnToolsVersion = 10.2.1;
					};
				};
			};
			buildConfigurationList = 77CFF03722B8F37500080135 /* Build configuration list for PBXProject "AfterNextAdmin" */;
			compatibilityVersion = "Xcode 9.3";
			developmentRegion = en;
			hasScannedForEncodings = 0;
			knownRegions = (
				en,
				Base,
			);
			mainGroup = 77CFF03322B8F37500080135;
			productRefGroup = 77CFF03D22B8F37500080135 /* Products */;
			projectDirPath = "";
			projectRoot = "";
			targets = (
				77CFF03B22B8F37500080135 /* AfterNextAdmin */,
			);
		};
/* End PBXProject section */

/* Begin PBXResourcesBuildPhase section */
		77CFF03A22B8F37500080135 /* Resources */ = {
			isa = PBXResourcesBuildPhase;
			buildActionMask = 2147483647;
			files = (
				77CFF04A22B8F37700080135 /* LaunchScreen.storyboard in Resources */,
				77CFF04722B8F37700080135 /* Assets.xcassets in Resources */,
				77CFF04522B8F37500080135 /* Main.storyboard in Resources */,
				77CFF05422B8F3AF00080135 /* AddingArenasViewController.xib in Resources */,
			);
			runOnlyForDeploymentPostprocessing = 0;
		};
/* End PBXResourcesBuildPhase section */

/* Begin PBXSourcesBuildPhase section */
		77CFF03822B8F37500080135 /* Sources */ = {
			isa = PBXSourcesBuildPhase;
			buildActionMask = 2147483647;
			files = (
				77CFF05322B8F3AF00080135 /* AddingArenasViewController.swift in Sources */,
				77CFF04022B8F37500080135 /* AppDelegate.swift in Sources */,
			);
			runOnlyForDeploymentPostprocessing = 0;
		};
/* End PBXSourcesBuildPhase section */

/* Begin PBXVariantGroup section */
		77CFF04322B8F37500080135 /* Main.storyboard */ = {
			isa = PBXVariantGroup;
			children = (
				77CFF04422B8F37500080135 /* Base */,
			);
			name = Main.storyboard;
			sourceTree = "<group>";
		};
		77CFF04822B8F37700080135 /* LaunchScreen.storyboard */ = {
			isa = PBXVariantGroup;
			children = (
				77CFF04922B8F37700080135 /* Base */,
			);
			name = LaunchScreen.storyboard;
			sourceTree = "<group>";
		};
/* End PBXVariantGroup section */

/* Begin XCBuildConfiguration section */
		77CFF04C22B8F37700080135 /* Debug */ = {
			isa = XCBuildConfiguration;
			buildSettings = {
				ALWAYS_SEARCH_USER_PATHS = NO;
				CLANG_ANALYZER_NONNULL = YES;
				CLANG_ANALYZER_NUMBER_OBJECT_CONVERSION = YES_AGGRESSIVE;
				CLANG_CXX_LANGUAGE_STANDARD = "gnu++14";
				CLANG_CXX_LIBRARY = "libc++";
				CLANG_ENABLE_MODULES = YES;
				CLANG_ENABLE_OBJC_ARC = YES;
				CLANG_ENABLE_OBJC_WEAK = YES;
				CLANG_WARN_BLOCK_CAPTURE_AUTORELEASING = YES;
				CLANG_WARN_BOOL_CONVERSION = YES;
				CLANG_WARN_COMMA = YES;
				CLANG_WARN_CONSTANT_CONVERSION = YES;
				CLANG_WARN_DEPRECATED_OBJC_IMPLEMENTATIONS = YES;
				CLANG_WARN_DIRECT_OBJC_ISA_USAGE = YES_ERROR;
				CLANG_WARN_DOCUMENTATION_COMMENTS = YES;
				CLANG_WARN_EMPTY_BODY = YES;
				CLANG_WARN_ENUM_CONVERSION = YES;
				CLANG_WARN_INFINITE_RECURSION = YES;
				CLANG_WARN_INT_CONVERSION = YES;
				CLANG_WARN_NON_LITERAL_NULL_CONVERSION = YES;
				CLANG_WARN_OBJC_IMPLICIT_RETAIN_SELF = YES;
				CLANG_WARN_OBJC_LITERAL_CONVERSION = YES;
				CLANG_WARN_OBJC_ROOT_CLASS = YES_ERROR;
				CLANG_WARN_RANGE_LOOP_ANALYSIS = YES;
				CLANG_WARN_STRICT_PROTOTYPES = YES;
				CLANG_WARN_SUSPICIOUS_MOVE = YES;
				CLANG_WARN_UNGUARDED_AVAILABILITY = YES_AGGRESSIVE;
				CLANG_WARN_UNREACHABLE_CODE = YES;
				CLANG_WARN__DUPLICATE_METHOD_MATCH = YES;
				CODE_SIGN_IDENTITY = "iPhone Developer";
				COPY_PHASE_STRIP = NO;
				DEBUG_INFORMATION_FORMAT = dwarf;
				ENABLE_STRICT_OBJC_MSGSEND = YES;
				ENABLE_TESTABILITY = YES;
				GCC_C_LANGUAGE_STANDARD = gnu11;
				GCC_DYNAMIC_NO_PIC = NO;
				GCC_NO_COMMON_BLOCKS = YES;
				GCC_OPTIMIZATION_LEVEL = 0;
				GCC_PREPROCESSOR_DEFINITIONS = (
					"DEBUG=1",
					"$(inherited)",
				);
				GCC_WARN_64_TO_32_BIT_CONVERSION = YES;
				GCC_WARN_ABOUT_RETURN_TYPE = YES_ERROR;
				GCC_WARN_UNDECLARED_SELECTOR = YES;
				GCC_WARN_UNINITIALIZED_AUTOS = YES_AGGRESSIVE;
				GCC_WARN_UNUSED_FUNCTION = YES;
				GCC_WARN_UNUSED_VARIABLE = YES;
				IPHONEOS_DEPLOYMENT_TARGET = 12.2;
				MTL_ENABLE_DEBUG_INFO = INCLUDE_SOURCE;
				MTL_FAST_MATH = YES;
				ONLY_ACTIVE_ARCH = YES;
				SDKROOT = iphoneos;
				SWIFT_ACTIVE_COMPILATION_CONDITIONS = DEBUG;
				SWIFT_OPTIMIZATION_LEVEL = "-Onone";
			};
			name = Debug;
		};
		77CFF04D22B8F37700080135 /* Release */ = {
			isa = XCBuildConfiguration;
			buildSettings = {
				ALWAYS_SEARCH_USER_PATHS = NO;
				CLANG_ANALYZER_NONNULL = YES;
				CLANG_ANALYZER_NUMBER_OBJECT_CONVERSION = YES_AGGRESSIVE;
				CLANG_CXX_LANGUAGE_STANDARD = "gnu++14";
				CLANG_CXX_LIBRARY = "libc++";
				CLANG_ENABLE_MODULES = YES;
				CLANG_ENABLE_OBJC_ARC = YES;
				CLANG_ENABLE_OBJC_WEAK = YES;
				CLANG_WARN_BLOCK_CAPTURE_AUTORELEASING = YES;
				CLANG_WARN_BOOL_CONVERSION = YES;
				CLANG_WARN_COMMA = YES;
				CLANG_WARN_CONSTANT_CONVERSION = YES;
				CLANG_WARN_DEPRECATED_OBJC_IMPLEMENTATIONS = YES;
				CLANG_WARN_DIRECT_OBJC_ISA_USAGE = YES_ERROR;
				CLANG_WARN_DOCUMENTATION_COMMENTS = YES;
				CLANG_WARN_EMPTY_BODY = YES;
				CLANG_WARN_ENUM_CONVERSION = YES;
				CLANG_WARN_INFINITE_RECURSION = YES;
				CLANG_WARN_INT_CONVERSION = YES;
				CLANG_WARN_NON_LITERAL_NULL_CONVERSION = YES;
				CLANG_WARN_OBJC_IMPLICIT_RETAIN_SELF = YES;
				CLANG_WARN_OBJC_LITERAL_CONVERSION = YES;
				CLANG_WARN_OBJC_ROOT_CLASS = YES_ERROR;
				CLANG_WARN_RANGE_LOOP_ANALYSIS = YES;
				CLANG_WARN_STRICT_PROTOTYPES = YES;
				CLANG_WARN_SUSPICIOUS_MOVE = YES;
				CLANG_WARN_UNGUARDED_AVAILABILITY = YES_AGGRESSIVE;
				CLANG_WARN_UNREACHABLE_CODE = YES;
				CLANG_WARN__DUPLICATE_METHOD_MATCH = YES;
				CODE_SIGN_IDENTITY = "iPhone Developer";
				COPY_PHASE_STRIP = NO;
				DEBUG_INFORMATION_FORMAT = "dwarf-with-dsym";
				ENABLE_NS_ASSERTIONS = NO;
				ENABLE_STRICT_OBJC_MSGSEND = YES;
				GCC_C_LANGUAGE_STANDARD = gnu11;
				GCC_NO_COMMON_BLOCKS = YES;
				GCC_WARN_64_TO_32_BIT_CONVERSION = YES;
				GCC_WARN_ABOUT_RETURN_TYPE = YES_ERROR;
				GCC_WARN_UNDECLARED_SELECTOR = YES;
				GCC_WARN_UNINITIALIZED_AUTOS = YES_AGGRESSIVE;
				GCC_WARN_UNUSED_FUNCTION = YES;
				GCC_WARN_UNUSED_VARIABLE = YES;
				IPHONEOS_DEPLOYMENT_TARGET = 12.2;
				MTL_ENABLE_DEBUG_INFO = NO;
				MTL_FAST_MATH = YES;
				SDKROOT = iphoneos;
				SWIFT_COMPILATION_MODE = wholemodule;
				SWIFT_OPTIMIZATION_LEVEL = "-O";
				VALIDATE_PRODUCT = YES;
			};
			name = Release;
		};
		77CFF04F22B8F37700080135 /* Debug */ = {
			isa = XCBuildConfiguration;
			buildSettings = {
				ASSETCATALOG_COMPILER_APPICON_NAME = AppIcon;
				CODE_SIGN_STYLE = Automatic;
				DEVELOPMENT_TEAM = NJ984G2TD6;
				INFOPLIST_FILE = AfterNextAdmin/Info.plist;
				LD_RUNPATH_SEARCH_PATHS = (
					"$(inherited)",
					"@executable_path/Frameworks",
				);
				PRODUCT_BUNDLE_IDENTIFIER = com.hisham.AfterNextAdmin;
				PRODUCT_NAME = "$(TARGET_NAME)";
				SWIFT_VERSION = 5.0;
				TARGETED_DEVICE_FAMILY = "1,2";
			};
			name = Debug;
		};
		77CFF05022B8F37700080135 /* Release */ = {
			isa = XCBuildConfiguration;
			buildSettings = {
				ASSETCATALOG_COMPILER_APPICON_NAME = AppIcon;
				CODE_SIGN_STYLE = Automatic;
				DEVELOPMENT_TEAM = NJ984G2TD6;
				INFOPLIST_FILE = AfterNextAdmin/Info.plist;
				LD_RUNPATH_SEARCH_PATHS = (
					"$(inherited)",
					"@executable_path/Frameworks",
				);
				PRODUCT_BUNDLE_IDENTIFIER = com.hisham.AfterNextAdmin;
				PRODUCT_NAME = "$(TARGET_NAME)";
				SWIFT_VERSION = 5.0;
				TARGETED_DEVICE_FAMILY = "1,2";
			};
			name = Release;
		};
/* End XCBuildConfiguration section */

/* Begin XCConfigurationList section */
		77CFF03722B8F37500080135 /* Build configuration list for PBXProject "AfterNextAdmin" */ = {
			isa = XCConfigurationList;
			buildConfigurations = (
				77CFF04C22B8F37700080135 /* Debug */,
				77CFF04D22B8F37700080135 /* Release */,
			);
			defaultConfigurationIsVisible = 0;
			defaultConfigurationName = Release;
		};
		77CFF04E22B8F37700080135 /* Build configuration list for PBXNativeTarget "AfterNextAdmin" */ = {
			isa = XCConfigurationList;
			buildConfigurations = (
				77CFF04F22B8F37700080135 /* Debug */,
				77CFF05022B8F37700080135 /* Release */,
			);
			defaultConfigurationIsVisible = 0;
			defaultConfigurationName = Release;
		};
/* End XCConfigurationList section */
	};
	rootObject = 77CFF03422B8F37500080135 /* Project object */;
}
