// !$*UTF8*$!
{
	archiveVersion = 1;
	classes = {
	};
	objectVersion = 50;
	objects = {

/* Begin PBXBuildFile section */
		0C8DB2EC22BFBF7300255EB7 /* BookingsTableViewCell.swift in Sources */ = {isa = PBXBuildFile; fileRef = 77C6804922BF7EE400A99AAC /* BookingsTableViewCell.swift */; };
		0C8DB2EE22BFC0EE00255EB7 /* BookingsTableViewCell.xib in Resources */ = {isa = PBXBuildFile; fileRef = 0C8DB2ED22BFC0EE00255EB7 /* BookingsTableViewCell.xib */; };
		0CF2A7F622BF7F0800B18570 /* Assets.xcassets in Resources */ = {isa = PBXBuildFile; fileRef = 0CF2A7F522BF7F0800B18570 /* Assets.xcassets */; };
		0CF2A7F922BF7F7700B18570 /* PlayerHomeView.swift in Sources */ = {isa = PBXBuildFile; fileRef = 0CF2A7F722BF7F7700B18570 /* PlayerHomeView.swift */; };
		0CF2A7FA22BF7F7700B18570 /* PlayerHomeView.xib in Resources */ = {isa = PBXBuildFile; fileRef = 0CF2A7F822BF7F7700B18570 /* PlayerHomeView.xib */; };
		0CF2A7FD22BF8DF200B18570 /* ArenasCollectionViewCell.swift in Sources */ = {isa = PBXBuildFile; fileRef = 0CF2A7FB22BF8DF200B18570 /* ArenasCollectionViewCell.swift */; };
		0CF2A7FE22BF8DF200B18570 /* ArenasCollectionViewCell.xib in Resources */ = {isa = PBXBuildFile; fileRef = 0CF2A7FC22BF8DF200B18570 /* ArenasCollectionViewCell.xib */; };
		77C6803222BF7B6500A99AAC /* AppDelegate.swift in Sources */ = {isa = PBXBuildFile; fileRef = 77C6803122BF7B6500A99AAC /* AppDelegate.swift */; };
		77C6803722BF7B6500A99AAC /* Main.storyboard in Resources */ = {isa = PBXBuildFile; fileRef = 77C6803522BF7B6500A99AAC /* Main.storyboard */; };
		77C6803C22BF7B6600A99AAC /* LaunchScreen.storyboard in Resources */ = {isa = PBXBuildFile; fileRef = 77C6803A22BF7B6600A99AAC /* LaunchScreen.storyboard */; };
/* End PBXBuildFile section */

/* Begin PBXFileReference section */
		0C8DB2ED22BFC0EE00255EB7 /* BookingsTableViewCell.xib */ = {isa = PBXFileReference; fileEncoding = 4; lastKnownFileType = file.xib; path = BookingsTableViewCell.xib; sourceTree = "<group>"; };
		0CF2A7F522BF7F0800B18570 /* Assets.xcassets */ = {isa = PBXFileReference; lastKnownFileType = folder.assetcatalog; path = Assets.xcassets; sourceTree = "<group>"; };
		0CF2A7F722BF7F7700B18570 /* PlayerHomeView.swift */ = {isa = PBXFileReference; lastKnownFileType = sourcecode.swift; path = PlayerHomeView.swift; sourceTree = "<group>"; };
		0CF2A7F822BF7F7700B18570 /* PlayerHomeView.xib */ = {isa = PBXFileReference; lastKnownFileType = file.xib; path = PlayerHomeView.xib; sourceTree = "<group>"; };
		0CF2A7FB22BF8DF200B18570 /* ArenasCollectionViewCell.swift */ = {isa = PBXFileReference; lastKnownFileType = sourcecode.swift; path = ArenasCollectionViewCell.swift; sourceTree = "<group>"; };
		0CF2A7FC22BF8DF200B18570 /* ArenasCollectionViewCell.xib */ = {isa = PBXFileReference; lastKnownFileType = file.xib; path = ArenasCollectionViewCell.xib; sourceTree = "<group>"; };
		77C6802E22BF7B6500A99AAC /* After Next Player.app */ = {isa = PBXFileReference; explicitFileType = wrapper.application; includeInIndex = 0; path = "After Next Player.app"; sourceTree = BUILT_PRODUCTS_DIR; };
		77C6803122BF7B6500A99AAC /* AppDelegate.swift */ = {isa = PBXFileReference; lastKnownFileType = sourcecode.swift; path = AppDelegate.swift; sourceTree = "<group>"; };
		77C6803622BF7B6500A99AAC /* Base */ = {isa = PBXFileReference; lastKnownFileType = file.storyboard; name = Base; path = Base.lproj/Main.storyboard; sourceTree = "<group>"; };
		77C6803B22BF7B6600A99AAC /* Base */ = {isa = PBXFileReference; lastKnownFileType = file.storyboard; name = Base; path = Base.lproj/LaunchScreen.storyboard; sourceTree = "<group>"; };
		77C6803D22BF7B6600A99AAC /* Info.plist */ = {isa = PBXFileReference; lastKnownFileType = text.plist.xml; path = Info.plist; sourceTree = "<group>"; };
		77C6804522BF7DA500A99AAC /* AllBookingsViewController.swift */ = {isa = PBXFileReference; lastKnownFileType = sourcecode.swift; path = AllBookingsViewController.swift; sourceTree = "<group>"; };
		77C6804622BF7DA500A99AAC /* AllBookingsViewController.xib */ = {isa = PBXFileReference; lastKnownFileType = file.xib; path = AllBookingsViewController.xib; sourceTree = "<group>"; };
		77C6804922BF7EE400A99AAC /* BookingsTableViewCell.swift */ = {isa = PBXFileReference; lastKnownFileType = sourcecode.swift; path = BookingsTableViewCell.swift; sourceTree = "<group>"; };
/* End PBXFileReference section */

/* Begin PBXFrameworksBuildPhase section */
		77C6802B22BF7B6500A99AAC /* Frameworks */ = {
			isa = PBXFrameworksBuildPhase;
			buildActionMask = 2147483647;
			files = (
			);
			runOnlyForDeploymentPostprocessing = 0;
		};
/* End PBXFrameworksBuildPhase section */

/* Begin PBXGroup section */
		0CF2A7FF22BF9AEC00B18570 /* Scenes */ = {
			isa = PBXGroup;
			children = (
				0CF2A80122BF9B1100B18570 /* Home Scene */,
				0CF2A80022BF9AF800B18570 /* Bookings Scene */,
			);
			path = Scenes;
			sourceTree = "<group>";
		};
		0CF2A80022BF9AF800B18570 /* Bookings Scene */ = {
			isa = PBXGroup;
			children = (
				77C6804922BF7EE400A99AAC /* BookingsTableViewCell.swift */,
				0C8DB2ED22BFC0EE00255EB7 /* BookingsTableViewCell.xib */,
				77C6804522BF7DA500A99AAC /* AllBookingsViewController.swift */,
				77C6804622BF7DA500A99AAC /* AllBookingsViewController.xib */,
			);
			path = "Bookings Scene";
			sourceTree = "<group>";
		};
		0CF2A80122BF9B1100B18570 /* Home Scene */ = {
			isa = PBXGroup;
			children = (
				0CF2A7F722BF7F7700B18570 /* PlayerHomeView.swift */,
				0CF2A7F822BF7F7700B18570 /* PlayerHomeView.xib */,
				0CF2A7FB22BF8DF200B18570 /* ArenasCollectionViewCell.swift */,
				0CF2A7FC22BF8DF200B18570 /* ArenasCollectionViewCell.xib */,
			);
			path = "Home Scene";
			sourceTree = "<group>";
		};
		77C6802522BF7B6500A99AAC = {
			isa = PBXGroup;
			children = (
				77C6803022BF7B6500A99AAC /* After Next Player */,
				77C6802F22BF7B6500A99AAC /* Products */,
			);
			sourceTree = "<group>";
		};
		77C6802F22BF7B6500A99AAC /* Products */ = {
			isa = PBXGroup;
			children = (
				77C6802E22BF7B6500A99AAC /* After Next Player.app */,
			);
			name = Products;
			sourceTree = "<group>";
		};
		77C6803022BF7B6500A99AAC /* After Next Player */ = {
			isa = PBXGroup;
			children = (
				0CF2A7FF22BF9AEC00B18570 /* Scenes */,
				0CF2A7F522BF7F0800B18570 /* Assets.xcassets */,
				77C6803122BF7B6500A99AAC /* AppDelegate.swift */,
				77C6803522BF7B6500A99AAC /* Main.storyboard */,
				77C6803A22BF7B6600A99AAC /* LaunchScreen.storyboard */,
				77C6803D22BF7B6600A99AAC /* Info.plist */,
			);
			path = "After Next Player";
			sourceTree = "<group>";
		};
/* End PBXGroup section */

/* Begin PBXNativeTarget section */
		77C6802D22BF7B6500A99AAC /* After Next Player */ = {
			isa = PBXNativeTarget;
			buildConfigurationList = 77C6804022BF7B6600A99AAC /* Build configuration list for PBXNativeTarget "After Next Player" */;
			buildPhases = (
				77C6802A22BF7B6500A99AAC /* Sources */,
				77C6802B22BF7B6500A99AAC /* Frameworks */,
				77C6802C22BF7B6500A99AAC /* Resources */,
			);
			buildRules = (
			);
			dependencies = (
			);
			name = "After Next Player";
			productName = "After Next Player";
			productReference = 77C6802E22BF7B6500A99AAC /* After Next Player.app */;
			productType = "com.apple.product-type.application";
		};
/* End PBXNativeTarget section */

/* Begin PBXProject section */
		77C6802622BF7B6500A99AAC /* Project object */ = {
			isa = PBXProject;
			attributes = {
				LastSwiftUpdateCheck = 1020;
				LastUpgradeCheck = 1020;
				ORGANIZATIONNAME = hisham;
				TargetAttributes = {
					77C6802D22BF7B6500A99AAC = {
						CreatedOnToolsVersion = 10.2.1;
					};
				};
			};
			buildConfigurationList = 77C6802922BF7B6500A99AAC /* Build configuration list for PBXProject "After Next Player" */;
			compatibilityVersion = "Xcode 9.3";
			developmentRegion = en;
			hasScannedForEncodings = 0;
			knownRegions = (
				en,
				Base,
			);
			mainGroup = 77C6802522BF7B6500A99AAC;
			productRefGroup = 77C6802F22BF7B6500A99AAC /* Products */;
			projectDirPath = "";
			projectRoot = "";
			targets = (
				77C6802D22BF7B6500A99AAC /* After Next Player */,
			);
		};
/* End PBXProject section */

/* Begin PBXResourcesBuildPhase section */
		77C6802C22BF7B6500A99AAC /* Resources */ = {
			isa = PBXResourcesBuildPhase;
			buildActionMask = 2147483647;
			files = (
				0CF2A7FE22BF8DF200B18570 /* ArenasCollectionViewCell.xib in Resources */,
				0CF2A7FA22BF7F7700B18570 /* PlayerHomeView.xib in Resources */,
				77C6803C22BF7B6600A99AAC /* LaunchScreen.storyboard in Resources */,
				0C8DB2EE22BFC0EE00255EB7 /* BookingsTableViewCell.xib in Resources */,
				0CF2A7F622BF7F0800B18570 /* Assets.xcassets in Resources */,
				77C6803722BF7B6500A99AAC /* Main.storyboard in Resources */,
			);
			runOnlyForDeploymentPostprocessing = 0;
		};
/* End PBXResourcesBuildPhase section */

/* Begin PBXSourcesBuildPhase section */
		77C6802A22BF7B6500A99AAC /* Sources */ = {
			isa = PBXSourcesBuildPhase;
			buildActionMask = 2147483647;
			files = (
				0CF2A7F922BF7F7700B18570 /* PlayerHomeView.swift in Sources */,
				0C8DB2EC22BFBF7300255EB7 /* BookingsTableViewCell.swift in Sources */,
				0CF2A7FD22BF8DF200B18570 /* ArenasCollectionViewCell.swift in Sources */,
				77C6803222BF7B6500A99AAC /* AppDelegate.swift in Sources */,
			);
			runOnlyForDeploymentPostprocessing = 0;
		};
/* End PBXSourcesBuildPhase section */

/* Begin PBXVariantGroup section */
		77C6803522BF7B6500A99AAC /* Main.storyboard */ = {
			isa = PBXVariantGroup;
			children = (
				77C6803622BF7B6500A99AAC /* Base */,
			);
			name = Main.storyboard;
			sourceTree = "<group>";
		};
		77C6803A22BF7B6600A99AAC /* LaunchScreen.storyboard */ = {
			isa = PBXVariantGroup;
			children = (
				77C6803B22BF7B6600A99AAC /* Base */,
			);
			name = LaunchScreen.storyboard;
			sourceTree = "<group>";
		};
/* End PBXVariantGroup section */

/* Begin XCBuildConfiguration section */
		77C6803E22BF7B6600A99AAC /* Debug */ = {
			isa = XCBuildConfiguration;
			buildSettings = {
				ALWAYS_SEARCH_USER_PATHS = NO;
				CLANG_ANALYZER_NONNULL = YES;
				CLANG_ANALYZER_NUMBER_OBJECT_CONVERSION = YES_AGGRESSIVE;
				CLANG_CXX_LANGUAGE_STANDARD = "gnu++14";
				CLANG_CXX_LIBRARY = "libc++";
				CLANG_ENABLE_MODULES = YES;
				CLANG_ENABLE_OBJC_ARC = YES;
				CLANG_ENABLE_OBJC_WEAK = YES;
				CLANG_WARN_BLOCK_CAPTURE_AUTORELEASING = YES;
				CLANG_WARN_BOOL_CONVERSION = YES;
				CLANG_WARN_COMMA = YES;
				CLANG_WARN_CONSTANT_CONVERSION = YES;
				CLANG_WARN_DEPRECATED_OBJC_IMPLEMENTATIONS = YES;
				CLANG_WARN_DIRECT_OBJC_ISA_USAGE = YES_ERROR;
				CLANG_WARN_DOCUMENTATION_COMMENTS = YES;
				CLANG_WARN_EMPTY_BODY = YES;
				CLANG_WARN_ENUM_CONVERSION = YES;
				CLANG_WARN_INFINITE_RECURSION = YES;
				CLANG_WARN_INT_CONVERSION = YES;
				CLANG_WARN_NON_LITERAL_NULL_CONVERSION = YES;
				CLANG_WARN_OBJC_IMPLICIT_RETAIN_SELF = YES;
				CLANG_WARN_OBJC_LITERAL_CONVERSION = YES;
				CLANG_WARN_OBJC_ROOT_CLASS = YES_ERROR;
				CLANG_WARN_RANGE_LOOP_ANALYSIS = YES;
				CLANG_WARN_STRICT_PROTOTYPES = YES;
				CLANG_WARN_SUSPICIOUS_MOVE = YES;
				CLANG_WARN_UNGUARDED_AVAILABILITY = YES_AGGRESSIVE;
				CLANG_WARN_UNREACHABLE_CODE = YES;
				CLANG_WARN__DUPLICATE_METHOD_MATCH = YES;
				CODE_SIGN_IDENTITY = "iPhone Developer";
				COPY_PHASE_STRIP = NO;
				DEBUG_INFORMATION_FORMAT = dwarf;
				ENABLE_STRICT_OBJC_MSGSEND = YES;
				ENABLE_TESTABILITY = YES;
				GCC_C_LANGUAGE_STANDARD = gnu11;
				GCC_DYNAMIC_NO_PIC = NO;
				GCC_NO_COMMON_BLOCKS = YES;
				GCC_OPTIMIZATION_LEVEL = 0;
				GCC_PREPROCESSOR_DEFINITIONS = (
					"DEBUG=1",
					"$(inherited)",
				);
				GCC_WARN_64_TO_32_BIT_CONVERSION = YES;
				GCC_WARN_ABOUT_RETURN_TYPE = YES_ERROR;
				GCC_WARN_UNDECLARED_SELECTOR = YES;
				GCC_WARN_UNINITIALIZED_AUTOS = YES_AGGRESSIVE;
				GCC_WARN_UNUSED_FUNCTION = YES;
				GCC_WARN_UNUSED_VARIABLE = YES;
				IPHONEOS_DEPLOYMENT_TARGET = 12.2;
				MTL_ENABLE_DEBUG_INFO = INCLUDE_SOURCE;
				MTL_FAST_MATH = YES;
				ONLY_ACTIVE_ARCH = YES;
				SDKROOT = iphoneos;
				SWIFT_ACTIVE_COMPILATION_CONDITIONS = DEBUG;
				SWIFT_OPTIMIZATION_LEVEL = "-Onone";
			};
			name = Debug;
		};
		77C6803F22BF7B6600A99AAC /* Release */ = {
			isa = XCBuildConfiguration;
			buildSettings = {
				ALWAYS_SEARCH_USER_PATHS = NO;
				CLANG_ANALYZER_NONNULL = YES;
				CLANG_ANALYZER_NUMBER_OBJECT_CONVERSION = YES_AGGRESSIVE;
				CLANG_CXX_LANGUAGE_STANDARD = "gnu++14";
				CLANG_CXX_LIBRARY = "libc++";
				CLANG_ENABLE_MODULES = YES;
				CLANG_ENABLE_OBJC_ARC = YES;
				CLANG_ENABLE_OBJC_WEAK = YES;
				CLANG_WARN_BLOCK_CAPTURE_AUTORELEASING = YES;
				CLANG_WARN_BOOL_CONVERSION = YES;
				CLANG_WARN_COMMA = YES;
				CLANG_WARN_CONSTANT_CONVERSION = YES;
				CLANG_WARN_DEPRECATED_OBJC_IMPLEMENTATIONS = YES;
				CLANG_WARN_DIRECT_OBJC_ISA_USAGE = YES_ERROR;
				CLANG_WARN_DOCUMENTATION_COMMENTS = YES;
				CLANG_WARN_EMPTY_BODY = YES;
				CLANG_WARN_ENUM_CONVERSION = YES;
				CLANG_WARN_INFINITE_RECURSION = YES;
				CLANG_WARN_INT_CONVERSION = YES;
				CLANG_WARN_NON_LITERAL_NULL_CONVERSION = YES;
				CLANG_WARN_OBJC_IMPLICIT_RETAIN_SELF = YES;
				CLANG_WARN_OBJC_LITERAL_CONVERSION = YES;
				CLANG_WARN_OBJC_ROOT_CLASS = YES_ERROR;
				CLANG_WARN_RANGE_LOOP_ANALYSIS = YES;
				CLANG_WARN_STRICT_PROTOTYPES = YES;
				CLANG_WARN_SUSPICIOUS_MOVE = YES;
				CLANG_WARN_UNGUARDED_AVAILABILITY = YES_AGGRESSIVE;
				CLANG_WARN_UNREACHABLE_CODE = YES;
				CLANG_WARN__DUPLICATE_METHOD_MATCH = YES;
				CODE_SIGN_IDENTITY = "iPhone Developer";
				COPY_PHASE_STRIP = NO;
				DEBUG_INFORMATION_FORMAT = "dwarf-with-dsym";
				ENABLE_NS_ASSERTIONS = NO;
				ENABLE_STRICT_OBJC_MSGSEND = YES;
				GCC_C_LANGUAGE_STANDARD = gnu11;
				GCC_NO_COMMON_BLOCKS = YES;
				GCC_WARN_64_TO_32_BIT_CONVERSION = YES;
				GCC_WARN_ABOUT_RETURN_TYPE = YES_ERROR;
				GCC_WARN_UNDECLARED_SELECTOR = YES;
				GCC_WARN_UNINITIALIZED_AUTOS = YES_AGGRESSIVE;
				GCC_WARN_UNUSED_FUNCTION = YES;
				GCC_WARN_UNUSED_VARIABLE = YES;
				IPHONEOS_DEPLOYMENT_TARGET = 12.2;
				MTL_ENABLE_DEBUG_INFO = NO;
				MTL_FAST_MATH = YES;
				SDKROOT = iphoneos;
				SWIFT_COMPILATION_MODE = wholemodule;
				SWIFT_OPTIMIZATION_LEVEL = "-O";
				VALIDATE_PRODUCT = YES;
			};
			name = Release;
		};
		77C6804122BF7B6600A99AAC /* Debug */ = {
			isa = XCBuildConfiguration;
			buildSettings = {
				ASSETCATALOG_COMPILER_APPICON_NAME = AppIcon;
				CODE_SIGN_STYLE = Automatic;
				DEVELOPMENT_TEAM = NJ984G2TD6;
				INFOPLIST_FILE = "After Next Player/Info.plist";
				LD_RUNPATH_SEARCH_PATHS = (
					"$(inherited)",
					"@executable_path/Frameworks",
				);
				PRODUCT_BUNDLE_IDENTIFIER = "com.hisham.After-Next-Player";
				PRODUCT_NAME = "$(TARGET_NAME)";
				SWIFT_VERSION = 5.0;
				TARGETED_DEVICE_FAMILY = "1,2";
			};
			name = Debug;
		};
		77C6804222BF7B6600A99AAC /* Release */ = {
			isa = XCBuildConfiguration;
			buildSettings = {
				ASSETCATALOG_COMPILER_APPICON_NAME = AppIcon;
				CODE_SIGN_STYLE = Automatic;
				DEVELOPMENT_TEAM = NJ984G2TD6;
				INFOPLIST_FILE = "After Next Player/Info.plist";
				LD_RUNPATH_SEARCH_PATHS = (
					"$(inherited)",
					"@executable_path/Frameworks",
				);
				PRODUCT_BUNDLE_IDENTIFIER = "com.hisham.After-Next-Player";
				PRODUCT_NAME = "$(TARGET_NAME)";
				SWIFT_VERSION = 5.0;
				TARGETED_DEVICE_FAMILY = "1,2";
			};
			name = Release;
		};
/* End XCBuildConfiguration section */

/* Begin XCConfigurationList section */
		77C6802922BF7B6500A99AAC /* Build configuration list for PBXProject "After Next Player" */ = {
			isa = XCConfigurationList;
			buildConfigurations = (
				77C6803E22BF7B6600A99AAC /* Debug */,
				77C6803F22BF7B6600A99AAC /* Release */,
			);
			defaultConfigurationIsVisible = 0;
			defaultConfigurationName = Release;
		};
		77C6804022BF7B6600A99AAC /* Build configuration list for PBXNativeTarget "After Next Player" */ = {
			isa = XCConfigurationList;
			buildConfigurations = (
				77C6804122BF7B6600A99AAC /* Debug */,
				77C6804222BF7B6600A99AAC /* Release */,
			);
			defaultConfigurationIsVisible = 0;
			defaultConfigurationName = Release;
		};
/* End XCConfigurationList section */
	};
	rootObject = 77C6802622BF7B6500A99AAC /* Project object */;
}
